# THIS IS AN AUTOGENERATED FILE. DO NOT EDIT THIS FILE DIRECTLY.
# yarn lockfile v1


"@tweenjs/tween.js@^17.2.0":
  version "17.2.0"
  resolved "https://registry.yarnpkg.com/@tweenjs/tween.js/-/tween.js-17.2.0.tgz#21f89b709bafc4b303adae7a83b4f35a0d9e4796"

object-assign@^4.1.1:
  version "4.1.1"
  resolved "https://registry.yarnpkg.com/object-assign/-/object-assign-4.1.1.tgz#2109adc7965887cfc05cbbd442cac8bfbb360863"

shifty@^2.3.1:
  version "2.3.1"
  resolved "https://registry.yarnpkg.com/shifty/-/shifty-2.3.1.tgz#ca92001c04718911f3b48d179aa858cc9cc86009"
  dependencies:
    object-assign "^4.1.1"

tweezer.js@^1.4.0:
  version "1.4.0"
  resolved "https://registry.yarnpkg.com/tweezer.js/-/tweezer.js-1.4.0.tgz#206ff568ad34cf0e56a04307d99ffc52193d5045"
